{
  "name": "mlog-guide",
  "version": "0.0.0",
  "lockfileVersion": 3,
  "requires": true,
  "packages": {
    "": {
      "name": "mlog-guide",
      "version": "0.0.0",
      "license": "GPL-3.0-only",
      "workspaces": [
        "core"
      ]
    },
    "core": {
      "name": "@mlog/core",
      "version": "0.0.0",
      "license": "GPL-3.0-only"
    },
    "node_modules/@mlog/core": {
      "resolved": "core",
      "link": true
    }
  }
}
